
Microsoft Visual Studio Solution File, Format Version 12.00
# Visual Studio 2012
Project("{FAE04EC0-301F-11D3-BF4B-00C04F79EFBC}") = "KCISalesApp", "KCISalesApp\KCISalesApp.csproj", "{D01D6A00-E688-4A02-B397-B3F292EA391D}"
EndProject
Project("{FAE04EC0-301F-11D3-BF4B-00C04F79EFBC}") = "KCISalesAppUSA", "KCISalesAppUSA\KCISalesAppUSA.csproj", "{9D516E5B-86E3-48D9-A061-CDB7B3E1E361}"
EndProject
Project("{FAE04EC0-301F-11D3-BF4B-00C04F79EFBC}") = "KCISalesAppJapan", "KCISalesAppJapan\KCISalesAppJapan.csproj", "{86A4D3EA-4A0A-4C2D-8445-C042D8BF8211}"
EndProject
Project("{FAE04EC0-301F-11D3-BF4B-00C04F79EFBC}") = "KCISalesAppAustralia", "KCISalesAppAustralia\KCISalesAppAustralia.csproj", "{376DB999-7A7E-429F-BF94-DDDFA745940C}"
EndProject
Project("{FAE04EC0-301F-11D3-BF4B-00C04F79EFBC}") = "KCISalesAppCanada", "KCISalesAppCanada\KCISalesAppCanada.csproj", "{2F71AC8E-8240-4CCE-AFE8-CFCF039FBDC1}"
EndProject
Project("{FAE04EC0-301F-11D3-BF4B-00C04F79EFBC}") = "UnitTestSalesAppJapan", "UnitTestSalesAppJapan\UnitTestSalesAppJapan.csproj", "{4F2E675D-F9CF-4CC3-8692-95AA3C41C8CE}"
EndProject
Project("{FAE04EC0-301F-11D3-BF4B-00C04F79EFBC}") = "KCISalesAppSingapore", "KCISalesAppSingapore\KCISalesAppSingapore.csproj", "{B939DC3E-C5FD-418E-B718-9F3425FB8C1F}"
EndProject
Project("{FAE04EC0-301F-11D3-BF4B-00C04F79EFBC}") = "KCISalesAppIndia", "KCISalesAppIndia\KCISalesAppIndia\KCISalesAppIndia.csproj", "{9FBDB0A0-EA1F-4533-81CA-529E4EB23B91}"
EndProject
Project("{FAE04EC0-301F-11D3-BF4B-00C04F79EFBC}") = "KCISalesAppChina", "KCISalesAppChina\KCISalesAppChina.csproj", "{5EFFD700-9AC6-4C42-B352-AAF157B9FEFB}"
EndProject
Global
	GlobalSection(SolutionConfigurationPlatforms) = preSolution
		Debug|iPhoneSimulator = Debug|iPhoneSimulator
		Release|iPhoneSimulator = Release|iPhoneSimulator
		Debug|iPhone = Debug|iPhone
		Release|iPhone = Release|iPhone
		Ad-Hoc|iPhone = Ad-Hoc|iPhone
		AppStore|iPhone = AppStore|iPhone
		DebugDEV|iPhoneSimulator = DebugDEV|iPhoneSimulator
		DebugDEV|iPhone = DebugDEV|iPhone
		DebugPROD|iPhoneSimulator = DebugPROD|iPhoneSimulator
		DebugPROD|iPhone = DebugPROD|iPhone
	EndGlobalSection
	GlobalSection(ProjectConfigurationPlatforms) = postSolution
		{2F71AC8E-8240-4CCE-AFE8-CFCF039FBDC1}.Ad-Hoc|iPhone.ActiveCfg = Ad-Hoc|iPhone
		{2F71AC8E-8240-4CCE-AFE8-CFCF039FBDC1}.Ad-Hoc|iPhone.Build.0 = Ad-Hoc|iPhone
		{2F71AC8E-8240-4CCE-AFE8-CFCF039FBDC1}.AppStore|iPhone.ActiveCfg = AppStore|iPhone
		{2F71AC8E-8240-4CCE-AFE8-CFCF039FBDC1}.AppStore|iPhone.Build.0 = AppStore|iPhone
		{2F71AC8E-8240-4CCE-AFE8-CFCF039FBDC1}.Debug|iPhone.ActiveCfg = Debug|iPhone
		{2F71AC8E-8240-4CCE-AFE8-CFCF039FBDC1}.Debug|iPhone.Build.0 = Debug|iPhone
		{2F71AC8E-8240-4CCE-AFE8-CFCF039FBDC1}.Debug|iPhoneSimulator.ActiveCfg = Debug|iPhoneSimulator
		{2F71AC8E-8240-4CCE-AFE8-CFCF039FBDC1}.Debug|iPhoneSimulator.Build.0 = Debug|iPhoneSimulator
		{2F71AC8E-8240-4CCE-AFE8-CFCF039FBDC1}.DebugDEV|iPhone.ActiveCfg = DebugDEV|iPhone
		{2F71AC8E-8240-4CCE-AFE8-CFCF039FBDC1}.DebugDEV|iPhone.Build.0 = DebugDEV|iPhone
		{2F71AC8E-8240-4CCE-AFE8-CFCF039FBDC1}.DebugDEV|iPhoneSimulator.ActiveCfg = DebugDEV|iPhoneSimulator
		{2F71AC8E-8240-4CCE-AFE8-CFCF039FBDC1}.DebugDEV|iPhoneSimulator.Build.0 = DebugDEV|iPhoneSimulator
		{2F71AC8E-8240-4CCE-AFE8-CFCF039FBDC1}.DebugPROD|iPhone.ActiveCfg = DebugPROD|iPhone
		{2F71AC8E-8240-4CCE-AFE8-CFCF039FBDC1}.DebugPROD|iPhone.Build.0 = DebugPROD|iPhone
		{2F71AC8E-8240-4CCE-AFE8-CFCF039FBDC1}.DebugPROD|iPhoneSimulator.ActiveCfg = DebugPROD|iPhoneSimulator
		{2F71AC8E-8240-4CCE-AFE8-CFCF039FBDC1}.DebugPROD|iPhoneSimulator.Build.0 = DebugPROD|iPhoneSimulator
		{2F71AC8E-8240-4CCE-AFE8-CFCF039FBDC1}.Release|iPhone.ActiveCfg = Release|iPhone
		{2F71AC8E-8240-4CCE-AFE8-CFCF039FBDC1}.Release|iPhone.Build.0 = Release|iPhone
		{2F71AC8E-8240-4CCE-AFE8-CFCF039FBDC1}.Release|iPhoneSimulator.ActiveCfg = Release|iPhoneSimulator
		{2F71AC8E-8240-4CCE-AFE8-CFCF039FBDC1}.Release|iPhoneSimulator.Build.0 = Release|iPhoneSimulator
		{376DB999-7A7E-429F-BF94-DDDFA745940C}.Ad-Hoc|iPhone.ActiveCfg = Ad-Hoc|iPhone
		{376DB999-7A7E-429F-BF94-DDDFA745940C}.Ad-Hoc|iPhone.Build.0 = Ad-Hoc|iPhone
		{376DB999-7A7E-429F-BF94-DDDFA745940C}.AppStore|iPhone.ActiveCfg = AppStore|iPhone
		{376DB999-7A7E-429F-BF94-DDDFA745940C}.AppStore|iPhone.Build.0 = AppStore|iPhone
		{376DB999-7A7E-429F-BF94-DDDFA745940C}.Debug|iPhone.ActiveCfg = Debug|iPhone
		{376DB999-7A7E-429F-BF94-DDDFA745940C}.Debug|iPhone.Build.0 = Debug|iPhone
		{376DB999-7A7E-429F-BF94-DDDFA745940C}.Debug|iPhoneSimulator.ActiveCfg = Debug|iPhoneSimulator
		{376DB999-7A7E-429F-BF94-DDDFA745940C}.Debug|iPhoneSimulator.Build.0 = Debug|iPhoneSimulator
		{376DB999-7A7E-429F-BF94-DDDFA745940C}.DebugDEV|iPhone.ActiveCfg = DebugDEV|iPhone
		{376DB999-7A7E-429F-BF94-DDDFA745940C}.DebugDEV|iPhone.Build.0 = DebugDEV|iPhone
		{376DB999-7A7E-429F-BF94-DDDFA745940C}.DebugDEV|iPhoneSimulator.ActiveCfg = DebugDEV|iPhoneSimulator
		{376DB999-7A7E-429F-BF94-DDDFA745940C}.DebugDEV|iPhoneSimulator.Build.0 = DebugDEV|iPhoneSimulator
		{376DB999-7A7E-429F-BF94-DDDFA745940C}.DebugPROD|iPhone.ActiveCfg = DebugPROD|iPhone
		{376DB999-7A7E-429F-BF94-DDDFA745940C}.DebugPROD|iPhone.Build.0 = DebugPROD|iPhone
		{376DB999-7A7E-429F-BF94-DDDFA745940C}.DebugPROD|iPhoneSimulator.ActiveCfg = DebugPROD|iPhoneSimulator
		{376DB999-7A7E-429F-BF94-DDDFA745940C}.DebugPROD|iPhoneSimulator.Build.0 = DebugPROD|iPhoneSimulator
		{376DB999-7A7E-429F-BF94-DDDFA745940C}.Release|iPhone.ActiveCfg = Release|iPhone
		{376DB999-7A7E-429F-BF94-DDDFA745940C}.Release|iPhone.Build.0 = Release|iPhone
		{376DB999-7A7E-429F-BF94-DDDFA745940C}.Release|iPhoneSimulator.ActiveCfg = Release|iPhoneSimulator
		{376DB999-7A7E-429F-BF94-DDDFA745940C}.Release|iPhoneSimulator.Build.0 = Release|iPhoneSimulator
		{4F2E675D-F9CF-4CC3-8692-95AA3C41C8CE}.Ad-Hoc|iPhone.ActiveCfg = Release|Any CPU
		{4F2E675D-F9CF-4CC3-8692-95AA3C41C8CE}.Ad-Hoc|iPhone.Build.0 = Release|Any CPU
		{4F2E675D-F9CF-4CC3-8692-95AA3C41C8CE}.AppStore|iPhone.ActiveCfg = Release|Any CPU
		{4F2E675D-F9CF-4CC3-8692-95AA3C41C8CE}.AppStore|iPhone.Build.0 = Release|Any CPU
		{4F2E675D-F9CF-4CC3-8692-95AA3C41C8CE}.Debug|iPhone.ActiveCfg = Debug|Any CPU
		{4F2E675D-F9CF-4CC3-8692-95AA3C41C8CE}.Debug|iPhone.Build.0 = Debug|Any CPU
		{4F2E675D-F9CF-4CC3-8692-95AA3C41C8CE}.Debug|iPhoneSimulator.ActiveCfg = Debug|Any CPU
		{4F2E675D-F9CF-4CC3-8692-95AA3C41C8CE}.Debug|iPhoneSimulator.Build.0 = Debug|Any CPU
		{4F2E675D-F9CF-4CC3-8692-95AA3C41C8CE}.DebugDEV|iPhone.ActiveCfg = DebugDEV|iPhone
		{4F2E675D-F9CF-4CC3-8692-95AA3C41C8CE}.DebugDEV|iPhone.Build.0 = DebugDEV|iPhone
		{4F2E675D-F9CF-4CC3-8692-95AA3C41C8CE}.DebugDEV|iPhoneSimulator.ActiveCfg = DebugDEV|iPhoneSimulator
		{4F2E675D-F9CF-4CC3-8692-95AA3C41C8CE}.DebugDEV|iPhoneSimulator.Build.0 = DebugDEV|iPhoneSimulator
		{4F2E675D-F9CF-4CC3-8692-95AA3C41C8CE}.DebugPROD|iPhone.ActiveCfg = DebugPROD|iPhone
		{4F2E675D-F9CF-4CC3-8692-95AA3C41C8CE}.DebugPROD|iPhone.Build.0 = DebugPROD|iPhone
		{4F2E675D-F9CF-4CC3-8692-95AA3C41C8CE}.DebugPROD|iPhoneSimulator.ActiveCfg = DebugPROD|iPhoneSimulator
		{4F2E675D-F9CF-4CC3-8692-95AA3C41C8CE}.DebugPROD|iPhoneSimulator.Build.0 = DebugPROD|iPhoneSimulator
		{4F2E675D-F9CF-4CC3-8692-95AA3C41C8CE}.Release|iPhone.ActiveCfg = Release|Any CPU
		{4F2E675D-F9CF-4CC3-8692-95AA3C41C8CE}.Release|iPhone.Build.0 = Release|Any CPU
		{4F2E675D-F9CF-4CC3-8692-95AA3C41C8CE}.Release|iPhoneSimulator.ActiveCfg = Release|Any CPU
		{4F2E675D-F9CF-4CC3-8692-95AA3C41C8CE}.Release|iPhoneSimulator.Build.0 = Release|Any CPU
		{86A4D3EA-4A0A-4C2D-8445-C042D8BF8211}.Ad-Hoc|iPhone.ActiveCfg = Ad-Hoc|iPhone
		{86A4D3EA-4A0A-4C2D-8445-C042D8BF8211}.Ad-Hoc|iPhone.Build.0 = Ad-Hoc|iPhone
		{86A4D3EA-4A0A-4C2D-8445-C042D8BF8211}.AppStore|iPhone.ActiveCfg = AppStore|iPhone
		{86A4D3EA-4A0A-4C2D-8445-C042D8BF8211}.AppStore|iPhone.Build.0 = AppStore|iPhone
		{86A4D3EA-4A0A-4C2D-8445-C042D8BF8211}.Debug|iPhone.ActiveCfg = Debug|iPhone
		{86A4D3EA-4A0A-4C2D-8445-C042D8BF8211}.Debug|iPhone.Build.0 = Debug|iPhone
		{86A4D3EA-4A0A-4C2D-8445-C042D8BF8211}.Debug|iPhoneSimulator.ActiveCfg = Debug|iPhoneSimulator
		{86A4D3EA-4A0A-4C2D-8445-C042D8BF8211}.Debug|iPhoneSimulator.Build.0 = Debug|iPhoneSimulator
		{86A4D3EA-4A0A-4C2D-8445-C042D8BF8211}.DebugDEV|iPhone.ActiveCfg = DebugDEV|iPhone
		{86A4D3EA-4A0A-4C2D-8445-C042D8BF8211}.DebugDEV|iPhone.Build.0 = DebugDEV|iPhone
		{86A4D3EA-4A0A-4C2D-8445-C042D8BF8211}.DebugDEV|iPhoneSimulator.ActiveCfg = DebugDEV|iPhoneSimulator
		{86A4D3EA-4A0A-4C2D-8445-C042D8BF8211}.DebugDEV|iPhoneSimulator.Build.0 = DebugDEV|iPhoneSimulator
		{86A4D3EA-4A0A-4C2D-8445-C042D8BF8211}.DebugPROD|iPhone.ActiveCfg = DebugPROD|iPhone
		{86A4D3EA-4A0A-4C2D-8445-C042D8BF8211}.DebugPROD|iPhone.Build.0 = DebugPROD|iPhone
		{86A4D3EA-4A0A-4C2D-8445-C042D8BF8211}.DebugPROD|iPhoneSimulator.ActiveCfg = DebugPROD|iPhoneSimulator
		{86A4D3EA-4A0A-4C2D-8445-C042D8BF8211}.DebugPROD|iPhoneSimulator.Build.0 = DebugPROD|iPhoneSimulator
		{86A4D3EA-4A0A-4C2D-8445-C042D8BF8211}.Release|iPhone.ActiveCfg = Release|iPhone
		{86A4D3EA-4A0A-4C2D-8445-C042D8BF8211}.Release|iPhone.Build.0 = Release|iPhone
		{86A4D3EA-4A0A-4C2D-8445-C042D8BF8211}.Release|iPhoneSimulator.ActiveCfg = Release|iPhoneSimulator
		{86A4D3EA-4A0A-4C2D-8445-C042D8BF8211}.Release|iPhoneSimulator.Build.0 = Release|iPhoneSimulator
		{9D516E5B-86E3-48D9-A061-CDB7B3E1E361}.Ad-Hoc|iPhone.ActiveCfg = Ad-Hoc|iPhone
		{9D516E5B-86E3-48D9-A061-CDB7B3E1E361}.Ad-Hoc|iPhone.Build.0 = Ad-Hoc|iPhone
		{9D516E5B-86E3-48D9-A061-CDB7B3E1E361}.AppStore|iPhone.ActiveCfg = AppStore|iPhone
		{9D516E5B-86E3-48D9-A061-CDB7B3E1E361}.AppStore|iPhone.Build.0 = AppStore|iPhone
		{9D516E5B-86E3-48D9-A061-CDB7B3E1E361}.Debug|iPhone.ActiveCfg = Debug|iPhone
		{9D516E5B-86E3-48D9-A061-CDB7B3E1E361}.Debug|iPhone.Build.0 = Debug|iPhone
		{9D516E5B-86E3-48D9-A061-CDB7B3E1E361}.Debug|iPhoneSimulator.ActiveCfg = Debug|iPhoneSimulator
		{9D516E5B-86E3-48D9-A061-CDB7B3E1E361}.Debug|iPhoneSimulator.Build.0 = Debug|iPhoneSimulator
		{9D516E5B-86E3-48D9-A061-CDB7B3E1E361}.DebugDEV|iPhone.ActiveCfg = DebugDEV|iPhone
		{9D516E5B-86E3-48D9-A061-CDB7B3E1E361}.DebugDEV|iPhone.Build.0 = DebugDEV|iPhone
		{9D516E5B-86E3-48D9-A061-CDB7B3E1E361}.DebugDEV|iPhoneSimulator.ActiveCfg = DebugDEV|iPhoneSimulator
		{9D516E5B-86E3-48D9-A061-CDB7B3E1E361}.DebugDEV|iPhoneSimulator.Build.0 = DebugDEV|iPhoneSimulator
		{9D516E5B-86E3-48D9-A061-CDB7B3E1E361}.DebugPROD|iPhone.ActiveCfg = DebugPROD|iPhone
		{9D516E5B-86E3-48D9-A061-CDB7B3E1E361}.DebugPROD|iPhone.Build.0 = DebugPROD|iPhone
		{9D516E5B-86E3-48D9-A061-CDB7B3E1E361}.DebugPROD|iPhoneSimulator.ActiveCfg = DebugPROD|iPhoneSimulator
		{9D516E5B-86E3-48D9-A061-CDB7B3E1E361}.DebugPROD|iPhoneSimulator.Build.0 = DebugPROD|iPhoneSimulator
		{9D516E5B-86E3-48D9-A061-CDB7B3E1E361}.Release|iPhone.ActiveCfg = Release|iPhone
		{9D516E5B-86E3-48D9-A061-CDB7B3E1E361}.Release|iPhone.Build.0 = Release|iPhone
		{9D516E5B-86E3-48D9-A061-CDB7B3E1E361}.Release|iPhoneSimulator.ActiveCfg = Release|iPhoneSimulator
		{9D516E5B-86E3-48D9-A061-CDB7B3E1E361}.Release|iPhoneSimulator.Build.0 = Release|iPhoneSimulator
		{9FBDB0A0-EA1F-4533-81CA-529E4EB23B91}.Ad-Hoc|iPhone.ActiveCfg = Ad-Hoc|iPhone
		{9FBDB0A0-EA1F-4533-81CA-529E4EB23B91}.Ad-Hoc|iPhone.Build.0 = Ad-Hoc|iPhone
		{9FBDB0A0-EA1F-4533-81CA-529E4EB23B91}.AppStore|iPhone.ActiveCfg = AppStore|iPhone
		{9FBDB0A0-EA1F-4533-81CA-529E4EB23B91}.AppStore|iPhone.Build.0 = AppStore|iPhone
		{9FBDB0A0-EA1F-4533-81CA-529E4EB23B91}.Debug|iPhone.ActiveCfg = Debug|iPhone
		{9FBDB0A0-EA1F-4533-81CA-529E4EB23B91}.Debug|iPhone.Build.0 = Debug|iPhone
		{9FBDB0A0-EA1F-4533-81CA-529E4EB23B91}.Debug|iPhoneSimulator.ActiveCfg = Debug|iPhoneSimulator
		{9FBDB0A0-EA1F-4533-81CA-529E4EB23B91}.Debug|iPhoneSimulator.Build.0 = Debug|iPhoneSimulator
		{9FBDB0A0-EA1F-4533-81CA-529E4EB23B91}.DebugDEV|iPhone.ActiveCfg = DebugDEV|iPhone
		{9FBDB0A0-EA1F-4533-81CA-529E4EB23B91}.DebugDEV|iPhone.Build.0 = DebugDEV|iPhone
		{9FBDB0A0-EA1F-4533-81CA-529E4EB23B91}.DebugDEV|iPhoneSimulator.ActiveCfg = DebugDEV|iPhoneSimulator
		{9FBDB0A0-EA1F-4533-81CA-529E4EB23B91}.DebugDEV|iPhoneSimulator.Build.0 = DebugDEV|iPhoneSimulator
		{9FBDB0A0-EA1F-4533-81CA-529E4EB23B91}.DebugPROD|iPhone.ActiveCfg = DebugPROD|iPhone
		{9FBDB0A0-EA1F-4533-81CA-529E4EB23B91}.DebugPROD|iPhone.Build.0 = DebugPROD|iPhone
		{9FBDB0A0-EA1F-4533-81CA-529E4EB23B91}.DebugPROD|iPhoneSimulator.ActiveCfg = DebugPROD|iPhoneSimulator
		{9FBDB0A0-EA1F-4533-81CA-529E4EB23B91}.DebugPROD|iPhoneSimulator.Build.0 = DebugPROD|iPhoneSimulator
		{9FBDB0A0-EA1F-4533-81CA-529E4EB23B91}.Release|iPhone.ActiveCfg = Release|iPhone
		{9FBDB0A0-EA1F-4533-81CA-529E4EB23B91}.Release|iPhone.Build.0 = Release|iPhone
		{9FBDB0A0-EA1F-4533-81CA-529E4EB23B91}.Release|iPhoneSimulator.ActiveCfg = Release|iPhoneSimulator
		{9FBDB0A0-EA1F-4533-81CA-529E4EB23B91}.Release|iPhoneSimulator.Build.0 = Release|iPhoneSimulator
		{B939DC3E-C5FD-418E-B718-9F3425FB8C1F}.Ad-Hoc|iPhone.ActiveCfg = Ad-Hoc|iPhone
		{B939DC3E-C5FD-418E-B718-9F3425FB8C1F}.Ad-Hoc|iPhone.Build.0 = Ad-Hoc|iPhone
		{B939DC3E-C5FD-418E-B718-9F3425FB8C1F}.AppStore|iPhone.ActiveCfg = AppStore|iPhone
		{B939DC3E-C5FD-418E-B718-9F3425FB8C1F}.AppStore|iPhone.Build.0 = AppStore|iPhone
		{B939DC3E-C5FD-418E-B718-9F3425FB8C1F}.Debug|iPhone.ActiveCfg = Debug|iPhone
		{B939DC3E-C5FD-418E-B718-9F3425FB8C1F}.Debug|iPhone.Build.0 = Debug|iPhone
		{B939DC3E-C5FD-418E-B718-9F3425FB8C1F}.Debug|iPhoneSimulator.ActiveCfg = Debug|iPhoneSimulator
		{B939DC3E-C5FD-418E-B718-9F3425FB8C1F}.Debug|iPhoneSimulator.Build.0 = Debug|iPhoneSimulator
		{B939DC3E-C5FD-418E-B718-9F3425FB8C1F}.DebugDEV|iPhone.ActiveCfg = DebugDEV|iPhone
		{B939DC3E-C5FD-418E-B718-9F3425FB8C1F}.DebugDEV|iPhone.Build.0 = DebugDEV|iPhone
		{B939DC3E-C5FD-418E-B718-9F3425FB8C1F}.DebugDEV|iPhoneSimulator.ActiveCfg = DebugDEV|iPhoneSimulator
		{B939DC3E-C5FD-418E-B718-9F3425FB8C1F}.DebugDEV|iPhoneSimulator.Build.0 = DebugDEV|iPhoneSimulator
		{B939DC3E-C5FD-418E-B718-9F3425FB8C1F}.DebugPROD|iPhone.ActiveCfg = DebugPROD|iPhone
		{B939DC3E-C5FD-418E-B718-9F3425FB8C1F}.DebugPROD|iPhone.Build.0 = DebugPROD|iPhone
		{B939DC3E-C5FD-418E-B718-9F3425FB8C1F}.DebugPROD|iPhoneSimulator.ActiveCfg = DebugPROD|iPhoneSimulator
		{B939DC3E-C5FD-418E-B718-9F3425FB8C1F}.DebugPROD|iPhoneSimulator.Build.0 = DebugPROD|iPhoneSimulator
		{B939DC3E-C5FD-418E-B718-9F3425FB8C1F}.Release|iPhone.ActiveCfg = Release|iPhone
		{B939DC3E-C5FD-418E-B718-9F3425FB8C1F}.Release|iPhone.Build.0 = Release|iPhone
		{B939DC3E-C5FD-418E-B718-9F3425FB8C1F}.Release|iPhoneSimulator.ActiveCfg = Release|iPhoneSimulator
		{B939DC3E-C5FD-418E-B718-9F3425FB8C1F}.Release|iPhoneSimulator.Build.0 = Release|iPhoneSimulator
		{D01D6A00-E688-4A02-B397-B3F292EA391D}.Ad-Hoc|iPhone.ActiveCfg = Ad-Hoc|iPhone
		{D01D6A00-E688-4A02-B397-B3F292EA391D}.Ad-Hoc|iPhone.Build.0 = Ad-Hoc|iPhone
		{D01D6A00-E688-4A02-B397-B3F292EA391D}.AppStore|iPhone.ActiveCfg = AppStore|iPhone
		{D01D6A00-E688-4A02-B397-B3F292EA391D}.AppStore|iPhone.Build.0 = AppStore|iPhone
		{D01D6A00-E688-4A02-B397-B3F292EA391D}.Debug|iPhone.ActiveCfg = Debug|iPhone
		{D01D6A00-E688-4A02-B397-B3F292EA391D}.Debug|iPhone.Build.0 = Debug|iPhone
		{D01D6A00-E688-4A02-B397-B3F292EA391D}.Debug|iPhoneSimulator.ActiveCfg = Debug|iPhoneSimulator
		{D01D6A00-E688-4A02-B397-B3F292EA391D}.Debug|iPhoneSimulator.Build.0 = Debug|iPhoneSimulator
		{D01D6A00-E688-4A02-B397-B3F292EA391D}.DebugDEV|iPhone.ActiveCfg = DebugDEV|iPhone
		{D01D6A00-E688-4A02-B397-B3F292EA391D}.DebugDEV|iPhone.Build.0 = DebugDEV|iPhone
		{D01D6A00-E688-4A02-B397-B3F292EA391D}.DebugDEV|iPhoneSimulator.ActiveCfg = DebugDEV|iPhoneSimulator
		{D01D6A00-E688-4A02-B397-B3F292EA391D}.DebugDEV|iPhoneSimulator.Build.0 = DebugDEV|iPhoneSimulator
		{D01D6A00-E688-4A02-B397-B3F292EA391D}.DebugPROD|iPhone.ActiveCfg = DebugPROD|iPhone
		{D01D6A00-E688-4A02-B397-B3F292EA391D}.DebugPROD|iPhone.Build.0 = DebugPROD|iPhone
		{D01D6A00-E688-4A02-B397-B3F292EA391D}.DebugPROD|iPhoneSimulator.ActiveCfg = DebugPROD|iPhoneSimulator
		{D01D6A00-E688-4A02-B397-B3F292EA391D}.DebugPROD|iPhoneSimulator.Build.0 = DebugPROD|iPhoneSimulator
		{D01D6A00-E688-4A02-B397-B3F292EA391D}.Release|iPhone.ActiveCfg = Release|iPhone
		{D01D6A00-E688-4A02-B397-B3F292EA391D}.Release|iPhone.Build.0 = Release|iPhone
		{D01D6A00-E688-4A02-B397-B3F292EA391D}.Release|iPhoneSimulator.ActiveCfg = Release|iPhoneSimulator
		{D01D6A00-E688-4A02-B397-B3F292EA391D}.Release|iPhoneSimulator.Build.0 = Release|iPhoneSimulator
		{5EFFD700-9AC6-4C42-B352-AAF157B9FEFB}.Debug|iPhoneSimulator.ActiveCfg = Debug|iPhoneSimulator
		{5EFFD700-9AC6-4C42-B352-AAF157B9FEFB}.Debug|iPhoneSimulator.Build.0 = Debug|iPhoneSimulator
		{5EFFD700-9AC6-4C42-B352-AAF157B9FEFB}.Release|iPhoneSimulator.ActiveCfg = Release|iPhoneSimulator
		{5EFFD700-9AC6-4C42-B352-AAF157B9FEFB}.Release|iPhoneSimulator.Build.0 = Release|iPhoneSimulator
		{5EFFD700-9AC6-4C42-B352-AAF157B9FEFB}.Debug|iPhone.ActiveCfg = Debug|iPhone
		{5EFFD700-9AC6-4C42-B352-AAF157B9FEFB}.Debug|iPhone.Build.0 = Debug|iPhone
		{5EFFD700-9AC6-4C42-B352-AAF157B9FEFB}.Release|iPhone.ActiveCfg = Release|iPhone
		{5EFFD700-9AC6-4C42-B352-AAF157B9FEFB}.Release|iPhone.Build.0 = Release|iPhone
		{5EFFD700-9AC6-4C42-B352-AAF157B9FEFB}.Ad-Hoc|iPhone.ActiveCfg = Ad-Hoc|iPhone
		{5EFFD700-9AC6-4C42-B352-AAF157B9FEFB}.Ad-Hoc|iPhone.Build.0 = Ad-Hoc|iPhone
		{5EFFD700-9AC6-4C42-B352-AAF157B9FEFB}.AppStore|iPhone.ActiveCfg = AppStore|iPhone
		{5EFFD700-9AC6-4C42-B352-AAF157B9FEFB}.AppStore|iPhone.Build.0 = AppStore|iPhone
		{5EFFD700-9AC6-4C42-B352-AAF157B9FEFB}.DebugDEV|iPhoneSimulator.ActiveCfg = DebugDEV|iPhoneSimulator
		{5EFFD700-9AC6-4C42-B352-AAF157B9FEFB}.DebugDEV|iPhoneSimulator.Build.0 = DebugDEV|iPhoneSimulator
		{5EFFD700-9AC6-4C42-B352-AAF157B9FEFB}.DebugDEV|iPhone.ActiveCfg = DebugDEV|iPhone
		{5EFFD700-9AC6-4C42-B352-AAF157B9FEFB}.DebugDEV|iPhone.Build.0 = DebugDEV|iPhone
		{5EFFD700-9AC6-4C42-B352-AAF157B9FEFB}.DebugPROD|iPhoneSimulator.ActiveCfg = DebugPROD|iPhoneSimulator
		{5EFFD700-9AC6-4C42-B352-AAF157B9FEFB}.DebugPROD|iPhoneSimulator.Build.0 = DebugPROD|iPhoneSimulator
		{5EFFD700-9AC6-4C42-B352-AAF157B9FEFB}.DebugPROD|iPhone.ActiveCfg = DebugPROD|iPhone
		{5EFFD700-9AC6-4C42-B352-AAF157B9FEFB}.DebugPROD|iPhone.Build.0 = DebugPROD|iPhone
	EndGlobalSection
	GlobalSection(MonoDevelopProperties) = preSolution
		version = 4.5
	EndGlobalSection
EndGlobal
